<?xml version="1.0" encoding="utf-8"?>
<Project ToolsVersion="4.0" xmlns="http://schemas.microsoft.com/developer/msbuild/2003">
  <ItemGroup>
    <Filter Include="tolua">
      <UniqueIdentifier>{243d29bc-c49a-4d05-8e2f-2c2f5858928a}</UniqueIdentifier>
    </Filter>
    <Filter Include="cocos2dx_support">
      <UniqueIdentifier>{bbe428ed-e8e5-4e3c-80c9-0e586814b884}</UniqueIdentifier>
    </Filter>
    <Filter Include="xxtea">
      <UniqueIdentifier>{7ef5a711-27f8-41a0-989f-538b7b1f4482}</UniqueIdentifier>
    </Filter>
    <Filter Include="lua51">
      <UniqueIdentifier>{84b00a5d-cb7f-47df-8274-993404ed2219}</UniqueIdentifier>
    </Filter>
    <Filter Include="luasocket">
      <UniqueIdentifier>{8863884a-f80a-4513-a1c8-5fed8ececdc0}</UniqueIdentifier>
    </Filter>
    <Filter Include="lfs">
      <UniqueIdentifier>{4b9a0571-5e9e-4a1d-947d-c62e913e0a0b}</UniqueIdentifier>
    </Filter>
    <Filter Include="cjson">
      <UniqueIdentifier>{a060e8e6-4ab7-4fba-a6de-e6ffa2d31f65}</UniqueIdentifier>
    </Filter>
    <Filter Include="lpack">
      <UniqueIdentifier>{10148c22-9d05-4250-94fe-0a0302d1485a}</UniqueIdentifier>
    </Filter>
    <Filter Include="zlib">
      <UniqueIdentifier>{becf17c8-afcc-4e78-8afc-a4e22543bdbe}</UniqueIdentifier>
    </Filter>
  </ItemGroup>
  <ItemGroup>
    <ClCompile Include="..\tolua\tolua_event.c">
      <Filter>tolua</Filter>
    </ClCompile>
    <ClCompile Include="..\tolua\tolua_is.c">
      <Filter>tolua</Filter>
    </ClCompile>
    <ClCompile Include="..\tolua\tolua_map.c">
      <Filter>tolua</Filter>
    </ClCompile>
    <ClCompile Include="..\tolua\tolua_push.c">
      <Filter>tolua</Filter>
    </ClCompile>
    <ClCompile Include="..\tolua\tolua_to.c">
      <Filter>tolua</Filter>
    </ClCompile>
    <ClCompile Include="..\cocos2dx_support\CCLuaEngine.cpp">
      <Filter>cocos2dx_support</Filter>
    </ClCompile>
    <ClCompile Include="..\cocos2dx_support\Cocos2dxLuaLoader.cpp">
      <Filter>cocos2dx_support</Filter>
    </ClCompile>
    <ClCompile Include="..\cocos2dx_support\LuaCocos2d.cpp">
      <Filter>cocos2dx_support</Filter>
    </ClCompile>
    <ClCompile Include="..\cocos2dx_support\tolua_fix.c">
      <Filter>cocos2dx_support</Filter>
    </ClCompile>
    <ClCompile Include="..\cocos2dx_support\CCLuaBridge.cpp">
      <Filter>cocos2dx_support</Filter>
    </ClCompile>
    <ClCompile Include="..\cocos2dx_support\CCLuaStack.cpp">
      <Filter>cocos2dx_support</Filter>
    </ClCompile>
    <ClCompile Include="..\cocos2dx_support\CCLuaValue.cpp">
      <Filter>cocos2dx_support</Filter>
    </ClCompile>
    <ClCompile Include="..\cocos2dx_support\Lua_extensions_CCB.cpp">
      <Filter>cocos2dx_support</Filter>
    </ClCompile>
    <ClCompile Include="..\cocos2dx_support\CCBProxy.cpp">
      <Filter>cocos2dx_support</Filter>
    </ClCompile>
    <ClCompile Include="..\cocos2dx_support\Lua_web_socket.cpp">
      <Filter>cocos2dx_support</Filter>
    </ClCompile>
    <ClCompile Include="..\cocos2dx_support\lua_cocos2dx_extensions_manual.cpp">
      <Filter>cocos2dx_support</Filter>
    </ClCompile>
    <ClCompile Include="..\cocos2dx_support\lua_cocos2dx_cocostudio_manual.cpp">
      <Filter>cocos2dx_support</Filter>
    </ClCompile>
    <ClCompile Include="..\cocos2dx_support\LuaCocoStudio.cpp">
      <Filter>cocos2dx_support</Filter>
    </ClCompile>
    <ClCompile Include="..\cocos2dx_support\lua_cocos2dx_manual.cpp">
      <Filter>cocos2dx_support</Filter>
    </ClCompile>
    <ClCompile Include="..\xxtea\xxtea.cpp">
      <Filter>xxtea</Filter>
    </ClCompile>
    <ClCompile Include="..\lua\lapi.c">
      <Filter>lua51</Filter>
    </ClCompile>
    <ClCompile Include="..\lua\lauxlib.c">
      <Filter>lua51</Filter>
    </ClCompile>
    <ClCompile Include="..\lua\lbaselib.c">
      <Filter>lua51</Filter>
    </ClCompile>
    <ClCompile Include="..\lua\lcode.c">
      <Filter>lua51</Filter>
    </ClCompile>
    <ClCompile Include="..\lua\ldblib.c">
      <Filter>lua51</Filter>
    </ClCompile>
    <ClCompile Include="..\lua\ldebug.c">
      <Filter>lua51</Filter>
    </ClCompile>
    <ClCompile Include="..\lua\ldo.c">
      <Filter>lua51</Filter>
    </ClCompile>
    <ClCompile Include="..\lua\ldump.c">
      <Filter>lua51</Filter>
    </ClCompile>
    <ClCompile Include="..\lua\lfunc.c">
      <Filter>lua51</Filter>
    </ClCompile>
    <ClCompile Include="..\lua\lgc.c">
      <Filter>lua51</Filter>
    </ClCompile>
    <ClCompile Include="..\lua\linit.c">
      <Filter>lua51</Filter>
    </ClCompile>
    <ClCompile Include="..\lua\liolib.c">
      <Filter>lua51</Filter>
    </ClCompile>
    <ClCompile Include="..\lua\llex.c">
      <Filter>lua51</Filter>
    </ClCompile>
    <ClCompile Include="..\lua\lmathlib.c">
      <Filter>lua51</Filter>
    </ClCompile>
    <ClCompile Include="..\lua\lmem.c">
      <Filter>lua51</Filter>
    </ClCompile>
    <ClCompile Include="..\lua\loadlib.c">
      <Filter>lua51</Filter>
    </ClCompile>
    <ClCompile Include="..\lua\lobject.c">
      <Filter>lua51</Filter>
    </ClCompile>
    <ClCompile Include="..\lua\lopcodes.c">
      <Filter>lua51</Filter>
    </ClCompile>
    <ClCompile Include="..\lua\loslib.c">
      <Filter>lua51</Filter>
    </ClCompile>
    <ClCompile Include="..\lua\lparser.c">
      <Filter>lua51</Filter>
    </ClCompile>
    <ClCompile Include="..\lua\lstate.c">
      <Filter>lua51</Filter>
    </ClCompile>
    <ClCompile Include="..\lua\lstring.c">
      <Filter>lua51</Filter>
    </ClCompile>
    <ClCompile Include="..\lua\lstrlib.c">
      <Filter>lua51</Filter>
    </ClCompile>
    <ClCompile Include="..\lua\ltable.c">
      <Filter>lua51</Filter>
    </ClCompile>
    <ClCompile Include="..\lua\ltablib.c">
      <Filter>lua51</Filter>
    </ClCompile>
    <ClCompile Include="..\lua\ltm.c">
      <Filter>lua51</Filter>
    </ClCompile>
    <ClCompile Include="..\lua\lua.c">
      <Filter>lua51</Filter>
    </ClCompile>
    <ClCompile Include="..\lua\lundump.c">
      <Filter>lua51</Filter>
    </ClCompile>
    <ClCompile Include="..\lua\lvm.c">
      <Filter>lua51</Filter>
    </ClCompile>
    <ClCompile Include="..\lua\lzio.c">
      <Filter>lua51</Filter>
    </ClCompile>
    <ClCompile Include="..\lua\print.c">
      <Filter>lua51</Filter>
    </ClCompile>
    <ClCompile Include="..\lua_extensions\luasocket\auxiliar.c">
      <Filter>luasocket</Filter>
    </ClCompile>
    <ClCompile Include="..\lua_extensions\luasocket\buffer.c">
      <Filter>luasocket</Filter>
    </ClCompile>
    <ClCompile Include="..\lua_extensions\luasocket\compat.c">
      <Filter>luasocket</Filter>
    </ClCompile>
    <ClCompile Include="..\lua_extensions\luasocket\except.c">
      <Filter>luasocket</Filter>
    </ClCompile>
    <ClCompile Include="..\lua_extensions\luasocket\inet.c">
      <Filter>luasocket</Filter>
    </ClCompile>
    <ClCompile Include="..\lua_extensions\luasocket\io.c">
      <Filter>luasocket</Filter>
    </ClCompile>
    <ClCompile Include="..\lua_extensions\luasocket\luasocket.c">
      <Filter>luasocket</Filter>
    </ClCompile>
    <ClCompile Include="..\lua_extensions\luasocket\mime.c">
      <Filter>luasocket</Filter>
    </ClCompile>
    <ClCompile Include="..\lua_extensions\luasocket\options.c">
      <Filter>luasocket</Filter>
    </ClCompile>
    <ClCompile Include="..\lua_extensions\luasocket\select.c">
      <Filter>luasocket</Filter>
    </ClCompile>
    <ClCompile Include="..\lua_extensions\luasocket\tcp.c">
      <Filter>luasocket</Filter>
    </ClCompile>
    <ClCompile Include="..\lua_extensions\luasocket\timeout.c">
      <Filter>luasocket</Filter>
    </ClCompile>
    <ClCompile Include="..\lua_extensions\luasocket\udp.c">
      <Filter>luasocket</Filter>
    </ClCompile>
    <ClCompile Include="..\lua_extensions\luasocket\wsocket.c">
      <Filter>luasocket</Filter>
    </ClCompile>
    <ClCompile Include="..\lua_extensions\lua_extensions.c" />
    <ClCompile Include="..\lua_extensions\lfs\lfs.c">
      <Filter>lfs</Filter>
    </ClCompile>
    <ClCompile Include="..\lua_extensions\cjson\fpconv.c">
      <Filter>cjson</Filter>
    </ClCompile>
    <ClCompile Include="..\lua_extensions\cjson\lua_cjson.c">
      <Filter>cjson</Filter>
    </ClCompile>
    <ClCompile Include="..\lua_extensions\cjson\strbuf.c">
      <Filter>cjson</Filter>
    </ClCompile>
    <ClCompile Include="..\lua_extensions\lpack\lpack.c">
      <Filter>lpack</Filter>
    </ClCompile>
    <ClCompile Include="..\lua_extensions\zlib\lua_zlib.c">
      <Filter>zlib</Filter>
    </ClCompile>
  </ItemGroup>
  <ItemGroup>
    <ClInclude Include="..\tolua\tolua++.h">
      <Filter>tolua</Filter>
    </ClInclude>
    <ClInclude Include="..\tolua\tolua_event.h">
      <Filter>tolua</Filter>
    </ClInclude>
    <ClInclude Include="..\cocos2dx_support\CCLuaEngine.h">
      <Filter>cocos2dx_support</Filter>
    </ClInclude>
    <ClInclude Include="..\cocos2dx_support\Cocos2dxLuaLoader.h">
      <Filter>cocos2dx_support</Filter>
    </ClInclude>
    <ClInclude Include="..\cocos2dx_support\LuaCocos2d.h">
      <Filter>cocos2dx_support</Filter>
    </ClInclude>
    <ClInclude Include="..\cocos2dx_support\tolua_fix.h">
      <Filter>cocos2dx_support</Filter>
    </ClInclude>
    <ClInclude Include="..\cocos2dx_support\CCLuaBridge.h">
      <Filter>cocos2dx_support</Filter>
    </ClInclude>
    <ClInclude Include="..\cocos2dx_support\CCLuaStack.h">
      <Filter>cocos2dx_support</Filter>
    </ClInclude>
    <ClInclude Include="..\cocos2dx_support\CCLuaValue.h">
      <Filter>cocos2dx_support</Filter>
    </ClInclude>
    <ClInclude Include="..\cocos2dx_support\Lua_extensions_CCB.h">
      <Filter>cocos2dx_support</Filter>
    </ClInclude>
    <ClInclude Include="..\cocos2dx_support\CCBProxy.h">
      <Filter>cocos2dx_support</Filter>
    </ClInclude>
    <ClInclude Include="..\cocos2dx_support\Lua_web_socket.h">
      <Filter>cocos2dx_support</Filter>
    </ClInclude>
    <ClInclude Include="..\cocos2dx_support\lua_cocos2dx_extensions_manual.h">
      <Filter>cocos2dx_support</Filter>
    </ClInclude>
    <ClInclude Include="..\cocos2dx_support\lua_cocos2dx_cocostudio_manual.h">
      <Filter>cocos2dx_support</Filter>
    </ClInclude>
    <ClInclude Include="..\cocos2dx_support\LuaCocoStudio.h">
      <Filter>cocos2dx_support</Filter>
    </ClInclude>
    <ClInclude Include="..\cocos2dx_support\lua_cocos2dx_manual.h">
      <Filter>cocos2dx_support</Filter>
    </ClInclude>
    <ClInclude Include="..\xxtea\xxtea.h">
      <Filter>xxtea</Filter>
    </ClInclude>
    <ClInclude Include="..\lua\lua.hpp">
      <Filter>lua51</Filter>
    </ClInclude>
    <ClInclude Include="..\lua\lapi.h">
      <Filter>lua51</Filter>
    </ClInclude>
    <ClInclude Include="..\lua\lauxlib.h">
      <Filter>lua51</Filter>
    </ClInclude>
    <ClInclude Include="..\lua\lcode.h">
      <Filter>lua51</Filter>
    </ClInclude>
    <ClInclude Include="..\lua\ldebug.h">
      <Filter>lua51</Filter>
    </ClInclude>
    <ClInclude Include="..\lua\ldo.h">
      <Filter>lua51</Filter>
    </ClInclude>
    <ClInclude Include="..\lua\lfunc.h">
      <Filter>lua51</Filter>
    </ClInclude>
    <ClInclude Include="..\lua\lgc.h">
      <Filter>lua51</Filter>
    </ClInclude>
    <ClInclude Include="..\lua\llex.h">
      <Filter>lua51</Filter>
    </ClInclude>
    <ClInclude Include="..\lua\llimits.h">
      <Filter>lua51</Filter>
    </ClInclude>
    <ClInclude Include="..\lua\lmem.h">
      <Filter>lua51</Filter>
    </ClInclude>
    <ClInclude Include="..\lua\lobject.h">
      <Filter>lua51</Filter>
    </ClInclude>
    <ClInclude Include="..\lua\lopcodes.h">
      <Filter>lua51</Filter>
    </ClInclude>
    <ClInclude Include="..\lua\lparser.h">
      <Filter>lua51</Filter>
    </ClInclude>
    <ClInclude Include="..\lua\lstate.h">
      <Filter>lua51</Filter>
    </ClInclude>
    <ClInclude Include="..\lua\lstring.h">
      <Filter>lua51</Filter>
    </ClInclude>
    <ClInclude Include="..\lua\ltable.h">
      <Filter>lua51</Filter>
    </ClInclude>
    <ClInclude Include="..\lua\ltm.h">
      <Filter>lua51</Filter>
    </ClInclude>
    <ClInclude Include="..\lua\lua.h">
      <Filter>lua51</Filter>
    </ClInclude>
    <ClInclude Include="..\lua\luaconf.h">
      <Filter>lua51</Filter>
    </ClInclude>
    <ClInclude Include="..\lua\lualib.h">
      <Filter>lua51</Filter>
    </ClInclude>
    <ClInclude Include="..\lua\lundump.h">
      <Filter>lua51</Filter>
    </ClInclude>
    <ClInclude Include="..\lua\lvm.h">
      <Filter>lua51</Filter>
    </ClInclude>
    <ClInclude Include="..\lua\lzio.h">
      <Filter>lua51</Filter>
    </ClInclude>
    <ClInclude Include="..\lua_extensions\luasocket\tcp.h">
      <Filter>luasocket</Filter>
    </ClInclude>
    <ClInclude Include="..\lua_extensions\luasocket\timeout.h">
      <Filter>luasocket</Filter>
    </ClInclude>
    <ClInclude Include="..\lua_extensions\luasocket\udp.h">
      <Filter>luasocket</Filter>
    </ClInclude>
    <ClInclude Include="..\lua_extensions\luasocket\wsocket.h">
      <Filter>luasocket</Filter>
    </ClInclude>
    <ClInclude Include="..\lua_extensions\luasocket\auxiliar.h">
      <Filter>luasocket</Filter>
    </ClInclude>
    <ClInclude Include="..\lua_extensions\luasocket\buffer.h">
      <Filter>luasocket</Filter>
    </ClInclude>
    <ClInclude Include="..\lua_extensions\luasocket\compat.h">
      <Filter>luasocket</Filter>
    </ClInclude>
    <ClInclude Include="..\lua_extensions\luasocket\except.h">
      <Filter>luasocket</Filter>
    </ClInclude>
    <ClInclude Include="..\lua_extensions\luasocket\inet.h">
      <Filter>luasocket</Filter>
    </ClInclude>
    <ClInclude Include="..\lua_extensions\luasocket\io.h">
      <Filter>luasocket</Filter>
    </ClInclude>
    <ClInclude Include="..\lua_extensions\luasocket\luasocket.h">
      <Filter>luasocket</Filter>
    </ClInclude>
    <ClInclude Include="..\lua_extensions\luasocket\mime.h">
      <Filter>luasocket</Filter>
    </ClInclude>
    <ClInclude Include="..\lua_extensions\luasocket\options.h">
      <Filter>luasocket</Filter>
    </ClInclude>
    <ClInclude Include="..\lua_extensions\luasocket\pierror.h">
      <Filter>luasocket</Filter>
    </ClInclude>
    <ClInclude Include="..\lua_extensions\luasocket\select.h">
      <Filter>luasocket</Filter>
    </ClInclude>
    <ClInclude Include="..\lua_extensions\luasocket\socket.h">
      <Filter>luasocket</Filter>
    </ClInclude>
    <ClInclude Include="..\lua_extensions\lua_extensions.h" />
    <ClInclude Include="..\lua_extensions\lfs\lfs.h">
      <Filter>lfs</Filter>
    </ClInclude>
    <ClInclude Include="..\lua_extensions\cjson\fpconv.h">
      <Filter>cjson</Filter>
    </ClInclude>
    <ClInclude Include="..\lua_extensions\cjson\lua_cjson.h">
      <Filter>cjson</Filter>
    </ClInclude>
    <ClInclude Include="..\lua_extensions\cjson\strbuf.h">
      <Filter>cjson</Filter>
    </ClInclude>
    <ClInclude Include="..\lua_extensions\lpack\lpack.h">
      <Filter>lpack</Filter>
    </ClInclude>
    <ClInclude Include="..\lua_extensions\zlib\lua_zlib.h">
      <Filter>zlib</Filter>
    </ClInclude>
  </ItemGroup>
</Project>